
Microsoft Visual Studio Solution File, Format Version 12.00
# Visual Studio Version 17
VisualStudioVersion = 17.7.34202.233
MinimumVisualStudioVersion = 10.0.40219.1
Project("{9A19103F-16F7-4668-BE54-9A1E7A4F7556}") = "Task1A", "Task.CSharpBase\Task1A.csproj", "{1666AC0F-F25E-490D-AAEA-E320A0FE4668}"
EndProject
Project("{2150E333-8FDC-42A3-9474-1A3956D46DE8}") = "Practice1", "Practice1", "{CF8D56BC-A6DE-4DB2-8323-C77DEA7E966D}"
EndProject
Project("{9A19103F-16F7-4668-BE54-9A1E7A4F7556}") = "Task1Bb", "Task1Bb\Task1Bb.csproj", "{B026D71A-1DF8-4230-AEC7-895D654668B3}"
EndProject
Project("{9A19103F-16F7-4668-BE54-9A1E7A4F7556}") = "Task2", "Task2\Task2.csproj", "{13AF61F0-77F4-4825-A094-C257015DA511}"
EndProject
Project("{9A19103F-16F7-4668-BE54-9A1E7A4F7556}") = "Task3", "Task3\Task3.csproj", "{BBFB405E-2CBE-4C51-96A7-FD716E714A9E}"
EndProject
Project("{9A19103F-16F7-4668-BE54-9A1E7A4F7556}") = "Task4", "ect\Task4.csproj", "{C4A1FD47-2C9C-4511-AC69-06EE2398AC4B}"
EndProject
Project("{9A19103F-16F7-4668-BE54-9A1E7A4F7556}") = "Task5", "Task5\Task5.csproj", "{14FB3820-63A8-494B-8695-2C5BAB327EC8}"
EndProject
Project("{9A19103F-16F7-4668-BE54-9A1E7A4F7556}") = "Task6", "Task6\Task6.csproj", "{392D43DE-7E78-4CA7-94DB-DEB3F939B563}"
EndProject
Project("{9A19103F-16F7-4668-BE54-9A1E7A4F7556}") = "Task7", "Task7\Task7.csproj", "{FF13D1AF-18AD-4F4A-9ECF-114916A812CA}"
EndProject
Project("{2150E333-8FDC-42A3-9474-1A3956D46DE8}") = "Practice2", "Practice2", "{471F2389-82B3-4D20-9FFF-46D4C4E34236}"
EndProject
Project("{9A19103F-16F7-4668-BE54-9A1E7A4F7556}") = "Task1", "Task1\Task1.csproj", "{187CD03E-87A0-4B08-BB7F-298005358238}"
EndProject
Project("{9A19103F-16F7-4668-BE54-9A1E7A4F7556}") = "Task2", "..\Practice2\Task2\Task2.csproj", "{A4338F79-77F9-49F8-8D7D-9758A9B5D47D}"
EndProject
Project("{9A19103F-16F7-4668-BE54-9A1E7A4F7556}") = "Task3", "..\Practice2\Task3\Task3.csproj", "{CDDE8EC9-8693-479D-A32D-2C0DE3B21B0F}"
EndProject
Project("{9A19103F-16F7-4668-BE54-9A1E7A4F7556}") = "Task4", "..\Practice2\Task4\Task4.csproj", "{8800FE0A-2E45-4AC0-9E70-D39FA0A9907A}"
EndProject
Project("{FAE04EC0-301F-11D3-BF4B-00C04F79EFBC}") = "Task5", "..\Practice2\Task5\Task5.csproj", "{0795CCCD-9D66-4B98-8372-A6553EE78DDD}"
EndProject
Project("{FAE04EC0-301F-11D3-BF4B-00C04F79EFBC}") = "Task6", "..\Practice2\Task6\Task6.csproj", "{124CC4B6-95BC-4CE3-B480-2DFAE6956622}"
EndProject
Project("{FAE04EC0-301F-11D3-BF4B-00C04F79EFBC}") = "Task7", "..\Practice2\Task7\Task7.csproj", "{32467784-F933-40B1-A039-91CC719309E7}"
EndProject
Project("{FAE04EC0-301F-11D3-BF4B-00C04F79EFBC}") = "Task8", "..\Practice2\Task8\Task8.csproj", "{20BBCA27-1E92-4FED-98DC-30DCC7F6BDB5}"
EndProject
Project("{FAE04EC0-301F-11D3-BF4B-00C04F79EFBC}") = "Task9", "..\Practice2\Task9\Task9.csproj", "{B6561525-2FA2-4717-90B4-243DB37E90C2}"
EndProject
Project("{FAE04EC0-301F-11D3-BF4B-00C04F79EFBC}") = "Task10", "..\Practice2\Task10\Task10.csproj", "{2FEA49C0-0223-4B26-8079-B95F5E9166DE}"
EndProject
Project("{FAE04EC0-301F-11D3-BF4B-00C04F79EFBC}") = "Task11", "..\Practice2\Task11\Task11.csproj", "{208122B8-9EC6-45DA-A427-7C33429D1C50}"
EndProject
Project("{FAE04EC0-301F-11D3-BF4B-00C04F79EFBC}") = "Task12", "..\Practice2\Task12\Task12.csproj", "{EA454BEC-68DA-4DEF-8FA3-7564F6924248}"
EndProject
Project("{FAE04EC0-301F-11D3-BF4B-00C04F79EFBC}") = "Task13", "..\Practice2\Task13\Task13.csproj", "{C291145E-54C5-426B-A01F-BBE17839A5FB}"
EndProject
Project("{FAE04EC0-301F-11D3-BF4B-00C04F79EFBC}") = "Task14", "..\Practice2\Task14\Task14.csproj", "{92F984E8-C7C2-47E2-AE00-91FE61DC9307}"
EndProject
Global
	GlobalSection(SolutionConfigurationPlatforms) = preSolution
		CheckIn|Any CPU = CheckIn|Any CPU
		Debug|Any CPU = Debug|Any CPU
		Release|Any CPU = Release|Any CPU
	EndGlobalSection
	GlobalSection(ProjectConfigurationPlatforms) = postSolution
		{1666AC0F-F25E-490D-AAEA-E320A0FE4668}.CheckIn|Any CPU.ActiveCfg = Debug|Any CPU
		{1666AC0F-F25E-490D-AAEA-E320A0FE4668}.CheckIn|Any CPU.Build.0 = Debug|Any CPU
		{1666AC0F-F25E-490D-AAEA-E320A0FE4668}.Debug|Any CPU.ActiveCfg = Debug|Any CPU
		{1666AC0F-F25E-490D-AAEA-E320A0FE4668}.Debug|Any CPU.Build.0 = Debug|Any CPU
		{1666AC0F-F25E-490D-AAEA-E320A0FE4668}.Release|Any CPU.ActiveCfg = Release|Any CPU
		{1666AC0F-F25E-490D-AAEA-E320A0FE4668}.Release|Any CPU.Build.0 = Release|Any CPU
		{B026D71A-1DF8-4230-AEC7-895D654668B3}.CheckIn|Any CPU.ActiveCfg = Debug|Any CPU
		{B026D71A-1DF8-4230-AEC7-895D654668B3}.CheckIn|Any CPU.Build.0 = Debug|Any CPU
		{B026D71A-1DF8-4230-AEC7-895D654668B3}.Debug|Any CPU.ActiveCfg = Debug|Any CPU
		{B026D71A-1DF8-4230-AEC7-895D654668B3}.Debug|Any CPU.Build.0 = Debug|Any CPU
		{B026D71A-1DF8-4230-AEC7-895D654668B3}.Release|Any CPU.ActiveCfg = Release|Any CPU
		{B026D71A-1DF8-4230-AEC7-895D654668B3}.Release|Any CPU.Build.0 = Release|Any CPU
		{13AF61F0-77F4-4825-A094-C257015DA511}.CheckIn|Any CPU.ActiveCfg = Debug|Any CPU
		{13AF61F0-77F4-4825-A094-C257015DA511}.CheckIn|Any CPU.Build.0 = Debug|Any CPU
		{13AF61F0-77F4-4825-A094-C257015DA511}.Debug|Any CPU.ActiveCfg = Debug|Any CPU
		{13AF61F0-77F4-4825-A094-C257015DA511}.Debug|Any CPU.Build.0 = Debug|Any CPU
		{13AF61F0-77F4-4825-A094-C257015DA511}.Release|Any CPU.ActiveCfg = Release|Any CPU
		{13AF61F0-77F4-4825-A094-C257015DA511}.Release|Any CPU.Build.0 = Release|Any CPU
		{BBFB405E-2CBE-4C51-96A7-FD716E714A9E}.CheckIn|Any CPU.ActiveCfg = Debug|Any CPU
		{BBFB405E-2CBE-4C51-96A7-FD716E714A9E}.CheckIn|Any CPU.Build.0 = Debug|Any CPU
		{BBFB405E-2CBE-4C51-96A7-FD716E714A9E}.Debug|Any CPU.ActiveCfg = Debug|Any CPU
		{BBFB405E-2CBE-4C51-96A7-FD716E714A9E}.Debug|Any CPU.Build.0 = Debug|Any CPU
		{BBFB405E-2CBE-4C51-96A7-FD716E714A9E}.Release|Any CPU.ActiveCfg = Release|Any CPU
		{BBFB405E-2CBE-4C51-96A7-FD716E714A9E}.Release|Any CPU.Build.0 = Release|Any CPU
		{C4A1FD47-2C9C-4511-AC69-06EE2398AC4B}.CheckIn|Any CPU.ActiveCfg = Debug|Any CPU
		{C4A1FD47-2C9C-4511-AC69-06EE2398AC4B}.CheckIn|Any CPU.Build.0 = Debug|Any CPU
		{C4A1FD47-2C9C-4511-AC69-06EE2398AC4B}.Debug|Any CPU.ActiveCfg = Debug|Any CPU
		{C4A1FD47-2C9C-4511-AC69-06EE2398AC4B}.Debug|Any CPU.Build.0 = Debug|Any CPU
		{C4A1FD47-2C9C-4511-AC69-06EE2398AC4B}.Release|Any CPU.ActiveCfg = Release|Any CPU
		{C4A1FD47-2C9C-4511-AC69-06EE2398AC4B}.Release|Any CPU.Build.0 = Release|Any CPU
		{14FB3820-63A8-494B-8695-2C5BAB327EC8}.CheckIn|Any CPU.ActiveCfg = Debug|Any CPU
		{14FB3820-63A8-494B-8695-2C5BAB327EC8}.CheckIn|Any CPU.Build.0 = Debug|Any CPU
		{14FB3820-63A8-494B-8695-2C5BAB327EC8}.Debug|Any CPU.ActiveCfg = Debug|Any CPU
		{14FB3820-63A8-494B-8695-2C5BAB327EC8}.Debug|Any CPU.Build.0 = Debug|Any CPU
		{14FB3820-63A8-494B-8695-2C5BAB327EC8}.Release|Any CPU.ActiveCfg = Release|Any CPU
		{14FB3820-63A8-494B-8695-2C5BAB327EC8}.Release|Any CPU.Build.0 = Release|Any CPU
		{392D43DE-7E78-4CA7-94DB-DEB3F939B563}.CheckIn|Any CPU.ActiveCfg = Debug|Any CPU
		{392D43DE-7E78-4CA7-94DB-DEB3F939B563}.CheckIn|Any CPU.Build.0 = Debug|Any CPU
		{392D43DE-7E78-4CA7-94DB-DEB3F939B563}.Debug|Any CPU.ActiveCfg = Debug|Any CPU
		{392D43DE-7E78-4CA7-94DB-DEB3F939B563}.Debug|Any CPU.Build.0 = Debug|Any CPU
		{392D43DE-7E78-4CA7-94DB-DEB3F939B563}.Release|Any CPU.ActiveCfg = Release|Any CPU
		{392D43DE-7E78-4CA7-94DB-DEB3F939B563}.Release|Any CPU.Build.0 = Release|Any CPU
		{FF13D1AF-18AD-4F4A-9ECF-114916A812CA}.CheckIn|Any CPU.ActiveCfg = Debug|Any CPU
		{FF13D1AF-18AD-4F4A-9ECF-114916A812CA}.CheckIn|Any CPU.Build.0 = Debug|Any CPU
		{FF13D1AF-18AD-4F4A-9ECF-114916A812CA}.Debug|Any CPU.ActiveCfg = Debug|Any CPU
		{FF13D1AF-18AD-4F4A-9ECF-114916A812CA}.Debug|Any CPU.Build.0 = Debug|Any CPU
		{FF13D1AF-18AD-4F4A-9ECF-114916A812CA}.Release|Any CPU.ActiveCfg = Release|Any CPU
		{FF13D1AF-18AD-4F4A-9ECF-114916A812CA}.Release|Any CPU.Build.0 = Release|Any CPU
		{187CD03E-87A0-4B08-BB7F-298005358238}.CheckIn|Any CPU.ActiveCfg = Debug|Any CPU
		{187CD03E-87A0-4B08-BB7F-298005358238}.CheckIn|Any CPU.Build.0 = Debug|Any CPU
		{187CD03E-87A0-4B08-BB7F-298005358238}.Debug|Any CPU.ActiveCfg = Debug|Any CPU
		{187CD03E-87A0-4B08-BB7F-298005358238}.Debug|Any CPU.Build.0 = Debug|Any CPU
		{187CD03E-87A0-4B08-BB7F-298005358238}.Release|Any CPU.ActiveCfg = Release|Any CPU
		{187CD03E-87A0-4B08-BB7F-298005358238}.Release|Any CPU.Build.0 = Release|Any CPU
		{A4338F79-77F9-49F8-8D7D-9758A9B5D47D}.CheckIn|Any CPU.ActiveCfg = Debug|Any CPU
		{A4338F79-77F9-49F8-8D7D-9758A9B5D47D}.CheckIn|Any CPU.Build.0 = Debug|Any CPU
		{A4338F79-77F9-49F8-8D7D-9758A9B5D47D}.Debug|Any CPU.ActiveCfg = Debug|Any CPU
		{A4338F79-77F9-49F8-8D7D-9758A9B5D47D}.Debug|Any CPU.Build.0 = Debug|Any CPU
		{A4338F79-77F9-49F8-8D7D-9758A9B5D47D}.Release|Any CPU.ActiveCfg = Release|Any CPU
		{A4338F79-77F9-49F8-8D7D-9758A9B5D47D}.Release|Any CPU.Build.0 = Release|Any CPU
		{CDDE8EC9-8693-479D-A32D-2C0DE3B21B0F}.CheckIn|Any CPU.ActiveCfg = Debug|Any CPU
		{CDDE8EC9-8693-479D-A32D-2C0DE3B21B0F}.CheckIn|Any CPU.Build.0 = Debug|Any CPU
		{CDDE8EC9-8693-479D-A32D-2C0DE3B21B0F}.Debug|Any CPU.ActiveCfg = Debug|Any CPU
		{CDDE8EC9-8693-479D-A32D-2C0DE3B21B0F}.Debug|Any CPU.Build.0 = Debug|Any CPU
		{CDDE8EC9-8693-479D-A32D-2C0DE3B21B0F}.Release|Any CPU.ActiveCfg = Release|Any CPU
		{CDDE8EC9-8693-479D-A32D-2C0DE3B21B0F}.Release|Any CPU.Build.0 = Release|Any CPU
		{8800FE0A-2E45-4AC0-9E70-D39FA0A9907A}.CheckIn|Any CPU.ActiveCfg = Debug|Any CPU
		{8800FE0A-2E45-4AC0-9E70-D39FA0A9907A}.CheckIn|Any CPU.Build.0 = Debug|Any CPU
		{8800FE0A-2E45-4AC0-9E70-D39FA0A9907A}.Debug|Any CPU.ActiveCfg = Debug|Any CPU
		{8800FE0A-2E45-4AC0-9E70-D39FA0A9907A}.Debug|Any CPU.Build.0 = Debug|Any CPU
		{8800FE0A-2E45-4AC0-9E70-D39FA0A9907A}.Release|Any CPU.ActiveCfg = Release|Any CPU
		{8800FE0A-2E45-4AC0-9E70-D39FA0A9907A}.Release|Any CPU.Build.0 = Release|Any CPU
		{0795CCCD-9D66-4B98-8372-A6553EE78DDD}.CheckIn|Any CPU.ActiveCfg = Debug|Any CPU
		{0795CCCD-9D66-4B98-8372-A6553EE78DDD}.CheckIn|Any CPU.Build.0 = Debug|Any CPU
		{0795CCCD-9D66-4B98-8372-A6553EE78DDD}.Debug|Any CPU.ActiveCfg = Debug|Any CPU
		{0795CCCD-9D66-4B98-8372-A6553EE78DDD}.Debug|Any CPU.Build.0 = Debug|Any CPU
		{0795CCCD-9D66-4B98-8372-A6553EE78DDD}.Release|Any CPU.ActiveCfg = Release|Any CPU
		{0795CCCD-9D66-4B98-8372-A6553EE78DDD}.Release|Any CPU.Build.0 = Release|Any CPU
		{124CC4B6-95BC-4CE3-B480-2DFAE6956622}.CheckIn|Any CPU.ActiveCfg = Debug|Any CPU
		{124CC4B6-95BC-4CE3-B480-2DFAE6956622}.CheckIn|Any CPU.Build.0 = Debug|Any CPU
		{124CC4B6-95BC-4CE3-B480-2DFAE6956622}.Debug|Any CPU.ActiveCfg = Debug|Any CPU
		{124CC4B6-95BC-4CE3-B480-2DFAE6956622}.Debug|Any CPU.Build.0 = Debug|Any CPU
		{124CC4B6-95BC-4CE3-B480-2DFAE6956622}.Release|Any CPU.ActiveCfg = Release|Any CPU
		{124CC4B6-95BC-4CE3-B480-2DFAE6956622}.Release|Any CPU.Build.0 = Release|Any CPU
		{32467784-F933-40B1-A039-91CC719309E7}.CheckIn|Any CPU.ActiveCfg = Debug|Any CPU
		{32467784-F933-40B1-A039-91CC719309E7}.CheckIn|Any CPU.Build.0 = Debug|Any CPU
		{32467784-F933-40B1-A039-91CC719309E7}.Debug|Any CPU.ActiveCfg = Debug|Any CPU
		{32467784-F933-40B1-A039-91CC719309E7}.Debug|Any CPU.Build.0 = Debug|Any CPU
		{32467784-F933-40B1-A039-91CC719309E7}.Release|Any CPU.ActiveCfg = Release|Any CPU
		{32467784-F933-40B1-A039-91CC719309E7}.Release|Any CPU.Build.0 = Release|Any CPU
		{20BBCA27-1E92-4FED-98DC-30DCC7F6BDB5}.CheckIn|Any CPU.ActiveCfg = Debug|Any CPU
		{20BBCA27-1E92-4FED-98DC-30DCC7F6BDB5}.CheckIn|Any CPU.Build.0 = Debug|Any CPU
		{20BBCA27-1E92-4FED-98DC-30DCC7F6BDB5}.Debug|Any CPU.ActiveCfg = Debug|Any CPU
		{20BBCA27-1E92-4FED-98DC-30DCC7F6BDB5}.Debug|Any CPU.Build.0 = Debug|Any CPU
		{20BBCA27-1E92-4FED-98DC-30DCC7F6BDB5}.Release|Any CPU.ActiveCfg = Release|Any CPU
		{20BBCA27-1E92-4FED-98DC-30DCC7F6BDB5}.Release|Any CPU.Build.0 = Release|Any CPU
		{B6561525-2FA2-4717-90B4-243DB37E90C2}.CheckIn|Any CPU.ActiveCfg = Debug|Any CPU
		{B6561525-2FA2-4717-90B4-243DB37E90C2}.CheckIn|Any CPU.Build.0 = Debug|Any CPU
		{B6561525-2FA2-4717-90B4-243DB37E90C2}.Debug|Any CPU.ActiveCfg = Debug|Any CPU
		{B6561525-2FA2-4717-90B4-243DB37E90C2}.Debug|Any CPU.Build.0 = Debug|Any CPU
		{B6561525-2FA2-4717-90B4-243DB37E90C2}.Release|Any CPU.ActiveCfg = Release|Any CPU
		{B6561525-2FA2-4717-90B4-243DB37E90C2}.Release|Any CPU.Build.0 = Release|Any CPU
		{2FEA49C0-0223-4B26-8079-B95F5E9166DE}.CheckIn|Any CPU.ActiveCfg = Debug|Any CPU
		{2FEA49C0-0223-4B26-8079-B95F5E9166DE}.CheckIn|Any CPU.Build.0 = Debug|Any CPU
		{2FEA49C0-0223-4B26-8079-B95F5E9166DE}.Debug|Any CPU.ActiveCfg = Debug|Any CPU
		{2FEA49C0-0223-4B26-8079-B95F5E9166DE}.Debug|Any CPU.Build.0 = Debug|Any CPU
		{2FEA49C0-0223-4B26-8079-B95F5E9166DE}.Release|Any CPU.ActiveCfg = Release|Any CPU
		{2FEA49C0-0223-4B26-8079-B95F5E9166DE}.Release|Any CPU.Build.0 = Release|Any CPU
		{208122B8-9EC6-45DA-A427-7C33429D1C50}.CheckIn|Any CPU.ActiveCfg = Debug|Any CPU
		{208122B8-9EC6-45DA-A427-7C33429D1C50}.CheckIn|Any CPU.Build.0 = Debug|Any CPU
		{208122B8-9EC6-45DA-A427-7C33429D1C50}.Debug|Any CPU.ActiveCfg = Debug|Any CPU
		{208122B8-9EC6-45DA-A427-7C33429D1C50}.Debug|Any CPU.Build.0 = Debug|Any CPU
		{208122B8-9EC6-45DA-A427-7C33429D1C50}.Release|Any CPU.ActiveCfg = Release|Any CPU
		{208122B8-9EC6-45DA-A427-7C33429D1C50}.Release|Any CPU.Build.0 = Release|Any CPU
		{EA454BEC-68DA-4DEF-8FA3-7564F6924248}.CheckIn|Any CPU.ActiveCfg = Debug|Any CPU
		{EA454BEC-68DA-4DEF-8FA3-7564F6924248}.CheckIn|Any CPU.Build.0 = Debug|Any CPU
		{EA454BEC-68DA-4DEF-8FA3-7564F6924248}.Debug|Any CPU.ActiveCfg = Debug|Any CPU
		{EA454BEC-68DA-4DEF-8FA3-7564F6924248}.Debug|Any CPU.Build.0 = Debug|Any CPU
		{EA454BEC-68DA-4DEF-8FA3-7564F6924248}.Release|Any CPU.ActiveCfg = Release|Any CPU
		{EA454BEC-68DA-4DEF-8FA3-7564F6924248}.Release|Any CPU.Build.0 = Release|Any CPU
		{C291145E-54C5-426B-A01F-BBE17839A5FB}.CheckIn|Any CPU.ActiveCfg = Debug|Any CPU
		{C291145E-54C5-426B-A01F-BBE17839A5FB}.CheckIn|Any CPU.Build.0 = Debug|Any CPU
		{C291145E-54C5-426B-A01F-BBE17839A5FB}.Debug|Any CPU.ActiveCfg = Debug|Any CPU
		{C291145E-54C5-426B-A01F-BBE17839A5FB}.Debug|Any CPU.Build.0 = Debug|Any CPU
		{C291145E-54C5-426B-A01F-BBE17839A5FB}.Release|Any CPU.ActiveCfg = Release|Any CPU
		{C291145E-54C5-426B-A01F-BBE17839A5FB}.Release|Any CPU.Build.0 = Release|Any CPU
		{92F984E8-C7C2-47E2-AE00-91FE61DC9307}.CheckIn|Any CPU.ActiveCfg = Debug|Any CPU
		{92F984E8-C7C2-47E2-AE00-91FE61DC9307}.CheckIn|Any CPU.Build.0 = Debug|Any CPU
		{92F984E8-C7C2-47E2-AE00-91FE61DC9307}.Debug|Any CPU.ActiveCfg = Debug|Any CPU
		{92F984E8-C7C2-47E2-AE00-91FE61DC9307}.Debug|Any CPU.Build.0 = Debug|Any CPU
		{92F984E8-C7C2-47E2-AE00-91FE61DC9307}.Release|Any CPU.ActiveCfg = Release|Any CPU
		{92F984E8-C7C2-47E2-AE00-91FE61DC9307}.Release|Any CPU.Build.0 = Release|Any CPU
	EndGlobalSection
	GlobalSection(SolutionProperties) = preSolution
		HideSolutionNode = FALSE
	EndGlobalSection
	GlobalSection(NestedProjects) = preSolution
		{1666AC0F-F25E-490D-AAEA-E320A0FE4668} = {CF8D56BC-A6DE-4DB2-8323-C77DEA7E966D}
		{B026D71A-1DF8-4230-AEC7-895D654668B3} = {CF8D56BC-A6DE-4DB2-8323-C77DEA7E966D}
		{13AF61F0-77F4-4825-A094-C257015DA511} = {CF8D56BC-A6DE-4DB2-8323-C77DEA7E966D}
		{BBFB405E-2CBE-4C51-96A7-FD716E714A9E} = {CF8D56BC-A6DE-4DB2-8323-C77DEA7E966D}
		{C4A1FD47-2C9C-4511-AC69-06EE2398AC4B} = {CF8D56BC-A6DE-4DB2-8323-C77DEA7E966D}
		{14FB3820-63A8-494B-8695-2C5BAB327EC8} = {CF8D56BC-A6DE-4DB2-8323-C77DEA7E966D}
		{392D43DE-7E78-4CA7-94DB-DEB3F939B563} = {CF8D56BC-A6DE-4DB2-8323-C77DEA7E966D}
		{FF13D1AF-18AD-4F4A-9ECF-114916A812CA} = {CF8D56BC-A6DE-4DB2-8323-C77DEA7E966D}
		{187CD03E-87A0-4B08-BB7F-298005358238} = {471F2389-82B3-4D20-9FFF-46D4C4E34236}
		{A4338F79-77F9-49F8-8D7D-9758A9B5D47D} = {471F2389-82B3-4D20-9FFF-46D4C4E34236}
		{CDDE8EC9-8693-479D-A32D-2C0DE3B21B0F} = {471F2389-82B3-4D20-9FFF-46D4C4E34236}
		{8800FE0A-2E45-4AC0-9E70-D39FA0A9907A} = {471F2389-82B3-4D20-9FFF-46D4C4E34236}
		{0795CCCD-9D66-4B98-8372-A6553EE78DDD} = {471F2389-82B3-4D20-9FFF-46D4C4E34236}
		{124CC4B6-95BC-4CE3-B480-2DFAE6956622} = {471F2389-82B3-4D20-9FFF-46D4C4E34236}
		{32467784-F933-40B1-A039-91CC719309E7} = {471F2389-82B3-4D20-9FFF-46D4C4E34236}
		{20BBCA27-1E92-4FED-98DC-30DCC7F6BDB5} = {471F2389-82B3-4D20-9FFF-46D4C4E34236}
		{B6561525-2FA2-4717-90B4-243DB37E90C2} = {471F2389-82B3-4D20-9FFF-46D4C4E34236}
		{2FEA49C0-0223-4B26-8079-B95F5E9166DE} = {471F2389-82B3-4D20-9FFF-46D4C4E34236}
		{208122B8-9EC6-45DA-A427-7C33429D1C50} = {471F2389-82B3-4D20-9FFF-46D4C4E34236}
		{EA454BEC-68DA-4DEF-8FA3-7564F6924248} = {471F2389-82B3-4D20-9FFF-46D4C4E34236}
		{C291145E-54C5-426B-A01F-BBE17839A5FB} = {471F2389-82B3-4D20-9FFF-46D4C4E34236}
		{92F984E8-C7C2-47E2-AE00-91FE61DC9307} = {471F2389-82B3-4D20-9FFF-46D4C4E34236}
	EndGlobalSection
	GlobalSection(ExtensibilityGlobals) = postSolution
		SolutionGuid = {B4DB0788-799B-4AB6-970B-16537E9783D6}
	EndGlobalSection
EndGlobal
